
Microsoft Visual Studio Solution File, Format Version 12.00
# Visual Studio Version 16
VisualStudioVersion = 16.0.31829.152
MinimumVisualStudioVersion = 10.0.40219.1
Project("{FAE04EC0-301F-11D3-BF4B-00C04F79EFBC}") = "Lab2Exercicio8", "Lab2Exercicio8\Lab2Exercicio8.csproj", "{881A3926-3D09-4F37-ACE1-9B285FB7DAA8}"
EndProject
Global
	GlobalSection(SolutionConfigurationPlatforms) = preSolution
		Debug|Any CPU = Debug|Any CPU
		Release|Any CPU = Release|Any CPU
	EndGlobalSection
	GlobalSection(ProjectConfigurationPlatforms) = postSolution
		{881A3926-3D09-4F37-ACE1-9B285FB7DAA8}.Debug|Any CPU.ActiveCfg = Debug|Any CPU
		{881A3926-3D09-4F37-ACE1-9B285FB7DAA8}.Debug|Any CPU.Build.0 = Debug|Any CPU
		{881A3926-3D09-4F37-ACE1-9B285FB7DAA8}.Release|Any CPU.ActiveCfg = Release|Any CPU
		{881A3926-3D09-4F37-ACE1-9B285FB7DAA8}.Release|Any CPU.Build.0 = Release|Any CPU
	EndGlobalSection
	GlobalSection(SolutionProperties) = preSolution
		HideSolutionNode = FALSE
	EndGlobalSection
	GlobalSection(ExtensibilityGlobals) = postSolution
		SolutionGuid = {B9D198FA-0552-402F-83D9-131F1103B0CC}
	EndGlobalSection
EndGlobal
